// !$*UTF8*$!
{
	archiveVersion = 1;
	classes = {
	};
	objectVersion = 56;
	objects = {

/* Begin PBXBuildFile section */
		FF54F690296D73E2006D433A /* ErrorCases.swift in Sources */ = {isa = PBXBuildFile; fileRef = FF54F68F296D73E2006D433A /* ErrorCases.swift */; };
		FF5E7BF72961E21F00A0D39F /* AppDelegate.swift in Sources */ = {isa = PBXBuildFile; fileRef = FF5E7BF62961E21F00A0D39F /* AppDelegate.swift */; };
		FF5E7BF92961E21F00A0D39F /* SceneDelegate.swift in Sources */ = {isa = PBXBuildFile; fileRef = FF5E7BF82961E21F00A0D39F /* SceneDelegate.swift */; };
		FF5E7BFB2961E21F00A0D39F /* TabBarController.swift in Sources */ = {isa = PBXBuildFile; fileRef = FF5E7BFA2961E21F00A0D39F /* TabBarController.swift */; };
		FF5E7C002961E22000A0D39F /* Assets.xcassets in Resources */ = {isa = PBXBuildFile; fileRef = FF5E7BFF2961E22000A0D39F /* Assets.xcassets */; };
		FF5E7C032961E22000A0D39F /* LaunchScreen.storyboard in Resources */ = {isa = PBXBuildFile; fileRef = FF5E7C012961E22000A0D39F /* LaunchScreen.storyboard */; };
		FF5E7C112961E90D00A0D39F /* CharacterViewController.swift in Sources */ = {isa = PBXBuildFile; fileRef = FF5E7C102961E90D00A0D39F /* CharacterViewController.swift */; };
		FF5E7C132961E91600A0D39F /* LocationViewController.swift in Sources */ = {isa = PBXBuildFile; fileRef = FF5E7C122961E91600A0D39F /* LocationViewController.swift */; };
		FF5E7C172961E93C00A0D39F /* EpisodesViewController.swift in Sources */ = {isa = PBXBuildFile; fileRef = FF5E7C162961E93C00A0D39F /* EpisodesViewController.swift */; };
		FFC018F82972F3B0001A9E92 /* CharacterStoryboard.storyboard in Resources */ = {isa = PBXBuildFile; fileRef = FFC018F72972F3B0001A9E92 /* CharacterStoryboard.storyboard */; };
		FFC018FB2972F66C001A9E92 /* EpisodeStoryboard.storyboard in Resources */ = {isa = PBXBuildFile; fileRef = FFC018FA2972F66C001A9E92 /* EpisodeStoryboard.storyboard */; };
		FFC018FE2972F72E001A9E92 /* LocationStoryboard.storyboard in Resources */ = {isa = PBXBuildFile; fileRef = FFC018FD2972F72E001A9E92 /* LocationStoryboard.storyboard */; };
		FFC019022973F892001A9E92 /* EpisodeTableViewCell.swift in Sources */ = {isa = PBXBuildFile; fileRef = FFC019002973F892001A9E92 /* EpisodeTableViewCell.swift */; };
		FFC019032973F892001A9E92 /* EpisodeTableViewCell.xib in Resources */ = {isa = PBXBuildFile; fileRef = FFC019012973F892001A9E92 /* EpisodeTableViewCell.xib */; };
		FFC0190629745F15001A9E92 /* UITableViewExtension.swift in Sources */ = {isa = PBXBuildFile; fileRef = FFC0190529745F15001A9E92 /* UITableViewExtension.swift */; };
		FFC0190D2975661E001A9E92 /* DataExtension.swift in Sources */ = {isa = PBXBuildFile; fileRef = FFC0190C2975661E001A9E92 /* DataExtension.swift */; };
		FFC0190F2975665C001A9E92 /* CompositeViewHelper.swift in Sources */ = {isa = PBXBuildFile; fileRef = FFC0190E2975665C001A9E92 /* CompositeViewHelper.swift */; };
		FFC01913297569B6001A9E92 /* CharacterCollectionViewCell.swift in Sources */ = {isa = PBXBuildFile; fileRef = FFC01911297569B6001A9E92 /* CharacterCollectionViewCell.swift */; };
		FFC01914297569B6001A9E92 /* CharacterCollectionViewCell.xib in Resources */ = {isa = PBXBuildFile; fileRef = FFC01912297569B6001A9E92 /* CharacterCollectionViewCell.xib */; };
		FFC01916297579E0001A9E92 /* UICollectionViewExtension.swift in Sources */ = {isa = PBXBuildFile; fileRef = FFC01915297579E0001A9E92 /* UICollectionViewExtension.swift */; };
		FFC0191929757F4B001A9E92 /* SDWebImage in Frameworks */ = {isa = PBXBuildFile; productRef = FFC0191829757F4B001A9E92 /* SDWebImage */; };
		FFEA0E87296AEF83007C6273 /* URLManager.swift in Sources */ = {isa = PBXBuildFile; fileRef = FFEA0E86296AEF83007C6273 /* URLManager.swift */; };
		FFEA0E89296AFC12007C6273 /* APIHandler.swift in Sources */ = {isa = PBXBuildFile; fileRef = FFEA0E88296AFC12007C6273 /* APIHandler.swift */; };
		FFEA0E8B296AFD34007C6273 /* NetworkRequestBuilder.swift in Sources */ = {isa = PBXBuildFile; fileRef = FFEA0E8A296AFD34007C6273 /* NetworkRequestBuilder.swift */; };
		FFEA0E8D296AFFFB007C6273 /* CharactersModel.swift in Sources */ = {isa = PBXBuildFile; fileRef = FFEA0E8C296AFFFB007C6273 /* CharactersModel.swift */; };
		FFEA0E8F296B020C007C6273 /* LocationsModel.swift in Sources */ = {isa = PBXBuildFile; fileRef = FFEA0E8E296B020C007C6273 /* LocationsModel.swift */; };
		FFEA0E91296B0396007C6273 /* EpisodesModel.swift in Sources */ = {isa = PBXBuildFile; fileRef = FFEA0E90296B0396007C6273 /* EpisodesModel.swift */; };
		FFEA0E93296B2061007C6273 /* CharacterAliveStatus.swift in Sources */ = {isa = PBXBuildFile; fileRef = FFEA0E92296B2061007C6273 /* CharacterAliveStatus.swift */; };
		FFEA0E95296B20C7007C6273 /* CharacterGender.swift in Sources */ = {isa = PBXBuildFile; fileRef = FFEA0E94296B20C7007C6273 /* CharacterGender.swift */; };
/* End PBXBuildFile section */

/* Begin PBXFileReference section */
		FF54F68F296D73E2006D433A /* ErrorCases.swift */ = {isa = PBXFileReference; lastKnownFileType = sourcecode.swift; path = ErrorCases.swift; sourceTree = "<group>"; };
		FF5E7BF32961E21F00A0D39F /* RickAndMortyApp.app */ = {isa = PBXFileReference; explicitFileType = wrapper.application; includeInIndex = 0; path = RickAndMortyApp.app; sourceTree = BUILT_PRODUCTS_DIR; };
		FF5E7BF62961E21F00A0D39F /* AppDelegate.swift */ = {isa = PBXFileReference; lastKnownFileType = sourcecode.swift; path = AppDelegate.swift; sourceTree = "<group>"; };
		FF5E7BF82961E21F00A0D39F /* SceneDelegate.swift */ = {isa = PBXFileReference; lastKnownFileType = sourcecode.swift; path = SceneDelegate.swift; sourceTree = "<group>"; };
		FF5E7BFA2961E21F00A0D39F /* TabBarController.swift */ = {isa = PBXFileReference; lastKnownFileType = sourcecode.swift; path = TabBarController.swift; sourceTree = "<group>"; };
		FF5E7BFF2961E22000A0D39F /* Assets.xcassets */ = {isa = PBXFileReference; lastKnownFileType = folder.assetcatalog; path = Assets.xcassets; sourceTree = "<group>"; };
		FF5E7C022961E22000A0D39F /* Base */ = {isa = PBXFileReference; lastKnownFileType = file.storyboard; name = Base; path = Base.lproj/LaunchScreen.storyboard; sourceTree = "<group>"; };
		FF5E7C042961E22000A0D39F /* Info.plist */ = {isa = PBXFileReference; lastKnownFileType = text.plist.xml; path = Info.plist; sourceTree = "<group>"; };
		FF5E7C102961E90D00A0D39F /* CharacterViewController.swift */ = {isa = PBXFileReference; lastKnownFileType = sourcecode.swift; path = CharacterViewController.swift; sourceTree = "<group>"; };
		FF5E7C122961E91600A0D39F /* LocationViewController.swift */ = {isa = PBXFileReference; lastKnownFileType = sourcecode.swift; path = LocationViewController.swift; sourceTree = "<group>"; };
		FF5E7C162961E93C00A0D39F /* EpisodesViewController.swift */ = {isa = PBXFileReference; lastKnownFileType = sourcecode.swift; path = EpisodesViewController.swift; sourceTree = "<group>"; };
		FFC018F72972F3B0001A9E92 /* CharacterStoryboard.storyboard */ = {isa = PBXFileReference; lastKnownFileType = file.storyboard; path = CharacterStoryboard.storyboard; sourceTree = "<group>"; };
		FFC018FA2972F66C001A9E92 /* EpisodeStoryboard.storyboard */ = {isa = PBXFileReference; lastKnownFileType = file.storyboard; path = EpisodeStoryboard.storyboard; sourceTree = "<group>"; };
		FFC018FD2972F72E001A9E92 /* LocationStoryboard.storyboard */ = {isa = PBXFileReference; lastKnownFileType = file.storyboard; path = LocationStoryboard.storyboard; sourceTree = "<group>"; };
		FFC019002973F892001A9E92 /* EpisodeTableViewCell.swift */ = {isa = PBXFileReference; lastKnownFileType = sourcecode.swift; path = EpisodeTableViewCell.swift; sourceTree = "<group>"; };
		FFC019012973F892001A9E92 /* EpisodeTableViewCell.xib */ = {isa = PBXFileReference; lastKnownFileType = file.xib; path = EpisodeTableViewCell.xib; sourceTree = "<group>"; };
		FFC0190529745F15001A9E92 /* UITableViewExtension.swift */ = {isa = PBXFileReference; lastKnownFileType = sourcecode.swift; path = UITableViewExtension.swift; sourceTree = "<group>"; };
		FFC0190C2975661E001A9E92 /* DataExtension.swift */ = {isa = PBXFileReference; lastKnownFileType = sourcecode.swift; path = DataExtension.swift; sourceTree = "<group>"; };
		FFC0190E2975665C001A9E92 /* CompositeViewHelper.swift */ = {isa = PBXFileReference; lastKnownFileType = sourcecode.swift; path = CompositeViewHelper.swift; sourceTree = "<group>"; };
		FFC01911297569B6001A9E92 /* CharacterCollectionViewCell.swift */ = {isa = PBXFileReference; lastKnownFileType = sourcecode.swift; path = CharacterCollectionViewCell.swift; sourceTree = "<group>"; };
		FFC01912297569B6001A9E92 /* CharacterCollectionViewCell.xib */ = {isa = PBXFileReference; lastKnownFileType = file.xib; path = CharacterCollectionViewCell.xib; sourceTree = "<group>"; };
		FFC01915297579E0001A9E92 /* UICollectionViewExtension.swift */ = {isa = PBXFileReference; lastKnownFileType = sourcecode.swift; path = UICollectionViewExtension.swift; sourceTree = "<group>"; };
		FFEA0E85296AE9B4007C6273 /* Swift.gitignore */ = {isa = PBXFileReference; lastKnownFileType = text; path = Swift.gitignore; sourceTree = "<group>"; };
		FFEA0E86296AEF83007C6273 /* URLManager.swift */ = {isa = PBXFileReference; lastKnownFileType = sourcecode.swift; path = URLManager.swift; sourceTree = "<group>"; };
		FFEA0E88296AFC12007C6273 /* APIHandler.swift */ = {isa = PBXFileReference; lastKnownFileType = sourcecode.swift; path = APIHandler.swift; sourceTree = "<group>"; };
		FFEA0E8A296AFD34007C6273 /* NetworkRequestBuilder.swift */ = {isa = PBXFileReference; lastKnownFileType = sourcecode.swift; path = NetworkRequestBuilder.swift; sourceTree = "<group>"; };
		FFEA0E8C296AFFFB007C6273 /* CharactersModel.swift */ = {isa = PBXFileReference; lastKnownFileType = sourcecode.swift; path = CharactersModel.swift; sourceTree = "<group>"; };
		FFEA0E8E296B020C007C6273 /* LocationsModel.swift */ = {isa = PBXFileReference; lastKnownFileType = sourcecode.swift; path = LocationsModel.swift; sourceTree = "<group>"; };
		FFEA0E90296B0396007C6273 /* EpisodesModel.swift */ = {isa = PBXFileReference; lastKnownFileType = sourcecode.swift; path = EpisodesModel.swift; sourceTree = "<group>"; };
		FFEA0E92296B2061007C6273 /* CharacterAliveStatus.swift */ = {isa = PBXFileReference; lastKnownFileType = sourcecode.swift; path = CharacterAliveStatus.swift; sourceTree = "<group>"; };
		FFEA0E94296B20C7007C6273 /* CharacterGender.swift */ = {isa = PBXFileReference; lastKnownFileType = sourcecode.swift; path = CharacterGender.swift; sourceTree = "<group>"; };
/* End PBXFileReference section */

/* Begin PBXFrameworksBuildPhase section */
		FF5E7BF02961E21F00A0D39F /* Frameworks */ = {
			isa = PBXFrameworksBuildPhase;
			buildActionMask = 2147483647;
			files = (
				FFC0191929757F4B001A9E92 /* SDWebImage in Frameworks */,
			);
			runOnlyForDeploymentPostprocessing = 0;
		};
/* End PBXFrameworksBuildPhase section */

/* Begin PBXGroup section */
		FF5E7BEA2961E21F00A0D39F = {
			isa = PBXGroup;
			children = (
				FF5E7BF52961E21F00A0D39F /* RickAndMortyApp */,
				FF5E7BF42961E21F00A0D39F /* Products */,
			);
			sourceTree = "<group>";
		};
		FF5E7BF42961E21F00A0D39F /* Products */ = {
			isa = PBXGroup;
			children = (
				FF5E7BF32961E21F00A0D39F /* RickAndMortyApp.app */,
			);
			name = Products;
			sourceTree = "<group>";
		};
		FF5E7BF52961E21F00A0D39F /* RickAndMortyApp */ = {
			isa = PBXGroup;
			children = (
				FFC019042974529E001A9E92 /* Extensions */,
				FFEA0E85296AE9B4007C6273 /* Swift.gitignore */,
				FF5E7C042961E22000A0D39F /* Info.plist */,
				FF5E7C0F2961E64600A0D39F /* APIClient */,
				FF5E7C0D2961E5CE00A0D39F /* Controllers */,
				FF5E7C0C2961E5B900A0D39F /* Models */,
				FF5E7C0E2961E5F200A0D39F /* Resources */,
				FF5E7C0A2961E5A500A0D39F /* ViewModels */,
				FF5E7C0B2961E5AD00A0D39F /* Views */,
			);
			path = RickAndMortyApp;
			sourceTree = "<group>";
		};
		FF5E7C0A2961E5A500A0D39F /* ViewModels */ = {
			isa = PBXGroup;
			children = (
			);
			path = ViewModels;
			sourceTree = "<group>";
		};
		FF5E7C0B2961E5AD00A0D39F /* Views */ = {
			isa = PBXGroup;
			children = (
			);
			path = Views;
			sourceTree = "<group>";
		};
		FF5E7C0C2961E5B900A0D39F /* Models */ = {
			isa = PBXGroup;
			children = (
				FFEA0E8C296AFFFB007C6273 /* CharactersModel.swift */,
				FFEA0E8E296B020C007C6273 /* LocationsModel.swift */,
				FFEA0E90296B0396007C6273 /* EpisodesModel.swift */,
				FFEA0E92296B2061007C6273 /* CharacterAliveStatus.swift */,
				FFEA0E94296B20C7007C6273 /* CharacterGender.swift */,
			);
			path = Models;
			sourceTree = "<group>";
		};
		FF5E7C0D2961E5CE00A0D39F /* Controllers */ = {
			isa = PBXGroup;
			children = (
				FFC018FC2972F715001A9E92 /* Locations */,
				FFC018F92972F64D001A9E92 /* Episodes */,
				FFC018F42972F2F0001A9E92 /* Characters */,
				FF5E7BFA2961E21F00A0D39F /* TabBarController.swift */,
			);
			path = Controllers;
			sourceTree = "<group>";
		};
		FF5E7C0E2961E5F200A0D39F /* Resources */ = {
			isa = PBXGroup;
			children = (
				FF5E7BF62961E21F00A0D39F /* AppDelegate.swift */,
				FF5E7BF82961E21F00A0D39F /* SceneDelegate.swift */,
				FF5E7BFF2961E22000A0D39F /* Assets.xcassets */,
				FF5E7C012961E22000A0D39F /* LaunchScreen.storyboard */,
			);
			path = Resources;
			sourceTree = "<group>";
		};
		FF5E7C0F2961E64600A0D39F /* APIClient */ = {
			isa = PBXGroup;
			children = (
				FFEA0E86296AEF83007C6273 /* URLManager.swift */,
				FFEA0E88296AFC12007C6273 /* APIHandler.swift */,
				FFEA0E8A296AFD34007C6273 /* NetworkRequestBuilder.swift */,
				FF54F68F296D73E2006D433A /* ErrorCases.swift */,
			);
			path = APIClient;
			sourceTree = "<group>";
		};
		FFC018F42972F2F0001A9E92 /* Characters */ = {
			isa = PBXGroup;
			children = (
				FFC0191029756898001A9E92 /* CharacterCollectionViewCells */,
				FF5E7C102961E90D00A0D39F /* CharacterViewController.swift */,
				FFC018F72972F3B0001A9E92 /* CharacterStoryboard.storyboard */,
			);
			path = Characters;
			sourceTree = "<group>";
		};
		FFC018F92972F64D001A9E92 /* Episodes */ = {
			isa = PBXGroup;
			children = (
				FFC018FF2973260A001A9E92 /* TableCells */,
				FF5E7C162961E93C00A0D39F /* EpisodesViewController.swift */,
				FFC018FA2972F66C001A9E92 /* EpisodeStoryboard.storyboard */,
			);
			path = Episodes;
			sourceTree = "<group>";
		};
		FFC018FC2972F715001A9E92 /* Locations */ = {
			isa = PBXGroup;
			children = (
				FF5E7C122961E91600A0D39F /* LocationViewController.swift */,
				FFC018FD2972F72E001A9E92 /* LocationStoryboard.storyboard */,
			);
			path = Locations;
			sourceTree = "<group>";
		};
		FFC018FF2973260A001A9E92 /* TableCells */ = {
			isa = PBXGroup;
			children = (
				FFC019002973F892001A9E92 /* EpisodeTableViewCell.swift */,
				FFC019012973F892001A9E92 /* EpisodeTableViewCell.xib */,
			);
			path = TableCells;
			sourceTree = "<group>";
		};
		FFC019042974529E001A9E92 /* Extensions */ = {
			isa = PBXGroup;
			children = (
				FFC0190529745F15001A9E92 /* UITableViewExtension.swift */,
				FFC0190C2975661E001A9E92 /* DataExtension.swift */,
				FFC0190E2975665C001A9E92 /* CompositeViewHelper.swift */,
				FFC01915297579E0001A9E92 /* UICollectionViewExtension.swift */,
			);
			path = Extensions;
			sourceTree = "<group>";
		};
		FFC0191029756898001A9E92 /* CharacterCollectionViewCells */ = {
			isa = PBXGroup;
			children = (
				FFC01911297569B6001A9E92 /* CharacterCollectionViewCell.swift */,
				FFC01912297569B6001A9E92 /* CharacterCollectionViewCell.xib */,
			);
			path = CharacterCollectionViewCells;
			sourceTree = "<group>";
		};
/* End PBXGroup section */

/* Begin PBXNativeTarget section */
		FF5E7BF22961E21F00A0D39F /* RickAndMortyApp */ = {
			isa = PBXNativeTarget;
			buildConfigurationList = FF5E7C072961E22000A0D39F /* Build configuration list for PBXNativeTarget "RickAndMortyApp" */;
			buildPhases = (
				FF5E7BEF2961E21F00A0D39F /* Sources */,
				FF5E7BF02961E21F00A0D39F /* Frameworks */,
				FF5E7BF12961E21F00A0D39F /* Resources */,
			);
			buildRules = (
			);
			dependencies = (
			);
			name = RickAndMortyApp;
			packageProductDependencies = (
				FFC0191829757F4B001A9E92 /* SDWebImage */,
			);
			productName = RickAndMortyApp;
			productReference = FF5E7BF32961E21F00A0D39F /* RickAndMortyApp.app */;
			productType = "com.apple.product-type.application";
		};
/* End PBXNativeTarget section */

/* Begin PBXProject section */
		FF5E7BEB2961E21F00A0D39F /* Project object */ = {
			isa = PBXProject;
			attributes = {
				BuildIndependentTargetsInParallel = 1;
				LastSwiftUpdateCheck = 1420;
				LastUpgradeCheck = 1420;
				TargetAttributes = {
					FF5E7BF22961E21F00A0D39F = {
						CreatedOnToolsVersion = 14.2;
					};
				};
			};
			buildConfigurationList = FF5E7BEE2961E21F00A0D39F /* Build configuration list for PBXProject "RickAndMortyApp" */;
			compatibilityVersion = "Xcode 14.0";
			developmentRegion = en;
			hasScannedForEncodings = 0;
			knownRegions = (
				en,
				Base,
			);
			mainGroup = FF5E7BEA2961E21F00A0D39F;
			packageReferences = (
				FFC0191729757F4B001A9E92 /* XCRemoteSwiftPackageReference "SDWebImage" */,
			);
			productRefGroup = FF5E7BF42961E21F00A0D39F /* Products */;
			projectDirPath = "";
			projectRoot = "";
			targets = (
				FF5E7BF22961E21F00A0D39F /* RickAndMortyApp */,
			);
		};
/* End PBXProject section */

/* Begin PBXResourcesBuildPhase section */
		FF5E7BF12961E21F00A0D39F /* Resources */ = {
			isa = PBXResourcesBuildPhase;
			buildActionMask = 2147483647;
			files = (
				FFC018F82972F3B0001A9E92 /* CharacterStoryboard.storyboard in Resources */,
				FFC019032973F892001A9E92 /* EpisodeTableViewCell.xib in Resources */,
				FFC018FE2972F72E001A9E92 /* LocationStoryboard.storyboard in Resources */,
				FFC018FB2972F66C001A9E92 /* EpisodeStoryboard.storyboard in Resources */,
				FFC01914297569B6001A9E92 /* CharacterCollectionViewCell.xib in Resources */,
				FF5E7C032961E22000A0D39F /* LaunchScreen.storyboard in Resources */,
				FF5E7C002961E22000A0D39F /* Assets.xcassets in Resources */,
			);
			runOnlyForDeploymentPostprocessing = 0;
		};
/* End PBXResourcesBuildPhase section */

/* Begin PBXSourcesBuildPhase section */
		FF5E7BEF2961E21F00A0D39F /* Sources */ = {
			isa = PBXSourcesBuildPhase;
			buildActionMask = 2147483647;
			files = (
				FFC01913297569B6001A9E92 /* CharacterCollectionViewCell.swift in Sources */,
				FF5E7C172961E93C00A0D39F /* EpisodesViewController.swift in Sources */,
				FFC019022973F892001A9E92 /* EpisodeTableViewCell.swift in Sources */,
				FFC0190F2975665C001A9E92 /* CompositeViewHelper.swift in Sources */,
				FFEA0E8F296B020C007C6273 /* LocationsModel.swift in Sources */,
				FF5E7C132961E91600A0D39F /* LocationViewController.swift in Sources */,
				FFEA0E91296B0396007C6273 /* EpisodesModel.swift in Sources */,
				FF5E7C112961E90D00A0D39F /* CharacterViewController.swift in Sources */,
				FFEA0E8D296AFFFB007C6273 /* CharactersModel.swift in Sources */,
				FFC0190D2975661E001A9E92 /* DataExtension.swift in Sources */,
				FFEA0E89296AFC12007C6273 /* APIHandler.swift in Sources */,
				FFC0190629745F15001A9E92 /* UITableViewExtension.swift in Sources */,
				FF54F690296D73E2006D433A /* ErrorCases.swift in Sources */,
				FFEA0E87296AEF83007C6273 /* URLManager.swift in Sources */,
				FFEA0E95296B20C7007C6273 /* CharacterGender.swift in Sources */,
				FF5E7BFB2961E21F00A0D39F /* TabBarController.swift in Sources */,
				FFC01916297579E0001A9E92 /* UICollectionViewExtension.swift in Sources */,
				FFEA0E8B296AFD34007C6273 /* NetworkRequestBuilder.swift in Sources */,
				FFEA0E93296B2061007C6273 /* CharacterAliveStatus.swift in Sources */,
				FF5E7BF72961E21F00A0D39F /* AppDelegate.swift in Sources */,
				FF5E7BF92961E21F00A0D39F /* SceneDelegate.swift in Sources */,
			);
			runOnlyForDeploymentPostprocessing = 0;
		};
/* End PBXSourcesBuildPhase section */

/* Begin PBXVariantGroup section */
		FF5E7C012961E22000A0D39F /* LaunchScreen.storyboard */ = {
			isa = PBXVariantGroup;
			children = (
				FF5E7C022961E22000A0D39F /* Base */,
			);
			name = LaunchScreen.storyboard;
			sourceTree = "<group>";
		};
/* End PBXVariantGroup section */

/* Begin XCBuildConfiguration section */
		FF5E7C052961E22000A0D39F /* Debug */ = {
			isa = XCBuildConfiguration;
			buildSettings = {
				ALWAYS_SEARCH_USER_PATHS = NO;
				CLANG_ANALYZER_NONNULL = YES;
				CLANG_ANALYZER_NUMBER_OBJECT_CONVERSION = YES_AGGRESSIVE;
				CLANG_CXX_LANGUAGE_STANDARD = "gnu++20";
				CLANG_ENABLE_MODULES = YES;
				CLANG_ENABLE_OBJC_ARC = YES;
				CLANG_ENABLE_OBJC_WEAK = YES;
				CLANG_WARN_BLOCK_CAPTURE_AUTORELEASING = YES;
				CLANG_WARN_BOOL_CONVERSION = YES;
				CLANG_WARN_COMMA = YES;
				CLANG_WARN_CONSTANT_CONVERSION = YES;
				CLANG_WARN_DEPRECATED_OBJC_IMPLEMENTATIONS = YES;
				CLANG_WARN_DIRECT_OBJC_ISA_USAGE = YES_ERROR;
				CLANG_WARN_DOCUMENTATION_COMMENTS = YES;
				CLANG_WARN_EMPTY_BODY = YES;
				CLANG_WARN_ENUM_CONVERSION = YES;
				CLANG_WARN_INFINITE_RECURSION = YES;
				CLANG_WARN_INT_CONVERSION = YES;
				CLANG_WARN_NON_LITERAL_NULL_CONVERSION = YES;
				CLANG_WARN_OBJC_IMPLICIT_RETAIN_SELF = YES;
				CLANG_WARN_OBJC_LITERAL_CONVERSION = YES;
				CLANG_WARN_OBJC_ROOT_CLASS = YES_ERROR;
				CLANG_WARN_QUOTED_INCLUDE_IN_FRAMEWORK_HEADER = YES;
				CLANG_WARN_RANGE_LOOP_ANALYSIS = YES;
				CLANG_WARN_STRICT_PROTOTYPES = YES;
				CLANG_WARN_SUSPICIOUS_MOVE = YES;
				CLANG_WARN_UNGUARDED_AVAILABILITY = YES_AGGRESSIVE;
				CLANG_WARN_UNREACHABLE_CODE = YES;
				CLANG_WARN__DUPLICATE_METHOD_MATCH = YES;
				COPY_PHASE_STRIP = NO;
				DEBUG_INFORMATION_FORMAT = dwarf;
				ENABLE_STRICT_OBJC_MSGSEND = YES;
				ENABLE_TESTABILITY = YES;
				GCC_C_LANGUAGE_STANDARD = gnu11;
				GCC_DYNAMIC_NO_PIC = NO;
				GCC_NO_COMMON_BLOCKS = YES;
				GCC_OPTIMIZATION_LEVEL = 0;
				GCC_PREPROCESSOR_DEFINITIONS = (
					"DEBUG=1",
					"$(inherited)",
				);
				GCC_WARN_64_TO_32_BIT_CONVERSION = YES;
				GCC_WARN_ABOUT_RETURN_TYPE = YES_ERROR;
				GCC_WARN_UNDECLARED_SELECTOR = YES;
				GCC_WARN_UNINITIALIZED_AUTOS = YES_AGGRESSIVE;
				GCC_WARN_UNUSED_FUNCTION = YES;
				GCC_WARN_UNUSED_VARIABLE = YES;
				IPHONEOS_DEPLOYMENT_TARGET = 16.2;
				MTL_ENABLE_DEBUG_INFO = INCLUDE_SOURCE;
				MTL_FAST_MATH = YES;
				ONLY_ACTIVE_ARCH = YES;
				SDKROOT = iphoneos;
				SWIFT_ACTIVE_COMPILATION_CONDITIONS = DEBUG;
				SWIFT_OPTIMIZATION_LEVEL = "-Onone";
			};
			name = Debug;
		};
		FF5E7C062961E22000A0D39F /* Release */ = {
			isa = XCBuildConfiguration;
			buildSettings = {
				ALWAYS_SEARCH_USER_PATHS = NO;
				CLANG_ANALYZER_NONNULL = YES;
				CLANG_ANALYZER_NUMBER_OBJECT_CONVERSION = YES_AGGRESSIVE;
				CLANG_CXX_LANGUAGE_STANDARD = "gnu++20";
				CLANG_ENABLE_MODULES = YES;
				CLANG_ENABLE_OBJC_ARC = YES;
				CLANG_ENABLE_OBJC_WEAK = YES;
				CLANG_WARN_BLOCK_CAPTURE_AUTORELEASING = YES;
				CLANG_WARN_BOOL_CONVERSION = YES;
				CLANG_WARN_COMMA = YES;
				CLANG_WARN_CONSTANT_CONVERSION = YES;
				CLANG_WARN_DEPRECATED_OBJC_IMPLEMENTATIONS = YES;
				CLANG_WARN_DIRECT_OBJC_ISA_USAGE = YES_ERROR;
				CLANG_WARN_DOCUMENTATION_COMMENTS = YES;
				CLANG_WARN_EMPTY_BODY = YES;
				CLANG_WARN_ENUM_CONVERSION = YES;
				CLANG_WARN_INFINITE_RECURSION = YES;
				CLANG_WARN_INT_CONVERSION = YES;
				CLANG_WARN_NON_LITERAL_NULL_CONVERSION = YES;
				CLANG_WARN_OBJC_IMPLICIT_RETAIN_SELF = YES;
				CLANG_WARN_OBJC_LITERAL_CONVERSION = YES;
				CLANG_WARN_OBJC_ROOT_CLASS = YES_ERROR;
				CLANG_WARN_QUOTED_INCLUDE_IN_FRAMEWORK_HEADER = YES;
				CLANG_WARN_RANGE_LOOP_ANALYSIS = YES;
				CLANG_WARN_STRICT_PROTOTYPES = YES;
				CLANG_WARN_SUSPICIOUS_MOVE = YES;
				CLANG_WARN_UNGUARDED_AVAILABILITY = YES_AGGRESSIVE;
				CLANG_WARN_UNREACHABLE_CODE = YES;
				CLANG_WARN__DUPLICATE_METHOD_MATCH = YES;
				COPY_PHASE_STRIP = NO;
				DEBUG_INFORMATION_FORMAT = "dwarf-with-dsym";
				ENABLE_NS_ASSERTIONS = NO;
				ENABLE_STRICT_OBJC_MSGSEND = YES;
				GCC_C_LANGUAGE_STANDARD = gnu11;
				GCC_NO_COMMON_BLOCKS = YES;
				GCC_WARN_64_TO_32_BIT_CONVERSION = YES;
				GCC_WARN_ABOUT_RETURN_TYPE = YES_ERROR;
				GCC_WARN_UNDECLARED_SELECTOR = YES;
				GCC_WARN_UNINITIALIZED_AUTOS = YES_AGGRESSIVE;
				GCC_WARN_UNUSED_FUNCTION = YES;
				GCC_WARN_UNUSED_VARIABLE = YES;
				IPHONEOS_DEPLOYMENT_TARGET = 16.2;
				MTL_ENABLE_DEBUG_INFO = NO;
				MTL_FAST_MATH = YES;
				SDKROOT = iphoneos;
				SWIFT_COMPILATION_MODE = wholemodule;
				SWIFT_OPTIMIZATION_LEVEL = "-O";
				VALIDATE_PRODUCT = YES;
			};
			name = Release;
		};
		FF5E7C082961E22000A0D39F /* Debug */ = {
			isa = XCBuildConfiguration;
			buildSettings = {
				ASSETCATALOG_COMPILER_APPICON_NAME = AppIcon;
				ASSETCATALOG_COMPILER_GLOBAL_ACCENT_COLOR_NAME = AccentColor;
				CODE_SIGN_STYLE = Automatic;
				CURRENT_PROJECT_VERSION = 1;
				DEVELOPMENT_TEAM = V74U2ZMBYH;
				GENERATE_INFOPLIST_FILE = YES;
				INFOPLIST_FILE = RickAndMortyApp/Info.plist;
				INFOPLIST_KEY_UIApplicationSupportsIndirectInputEvents = YES;
				INFOPLIST_KEY_UILaunchStoryboardName = LaunchScreen;
				INFOPLIST_KEY_UISupportedInterfaceOrientations = UIInterfaceOrientationPortrait;
				INFOPLIST_KEY_UISupportedInterfaceOrientations_iPad = "UIInterfaceOrientationLandscapeLeft UIInterfaceOrientationLandscapeRight UIInterfaceOrientationPortrait UIInterfaceOrientationPortraitUpsideDown";
				IPHONEOS_DEPLOYMENT_TARGET = 13.0;
				LD_RUNPATH_SEARCH_PATHS = (
					"$(inherited)",
					"@executable_path/Frameworks",
				);
				MARKETING_VERSION = 1.0;
				PRODUCT_BUNDLE_IDENTIFIER = mislabeled.RickAndMortyApp;
				PRODUCT_NAME = "$(TARGET_NAME)";
				SUPPORTED_PLATFORMS = "iphoneos iphonesimulator";
				SUPPORTS_MACCATALYST = NO;
				SUPPORTS_MAC_DESIGNED_FOR_IPHONE_IPAD = NO;
				SWIFT_EMIT_LOC_STRINGS = YES;
				SWIFT_VERSION = 5.0;
				TARGETED_DEVICE_FAMILY = 1;
			};
			name = Debug;
		};
		FF5E7C092961E22000A0D39F /* Release */ = {
			isa = XCBuildConfiguration;
			buildSettings = {
				ASSETCATALOG_COMPILER_APPICON_NAME = AppIcon;
				ASSETCATALOG_COMPILER_GLOBAL_ACCENT_COLOR_NAME = AccentColor;
				CODE_SIGN_STYLE = Automatic;
				CURRENT_PROJECT_VERSION = 1;
				DEVELOPMENT_TEAM = V74U2ZMBYH;
				GENERATE_INFOPLIST_FILE = YES;
				INFOPLIST_FILE = RickAndMortyApp/Info.plist;
				INFOPLIST_KEY_UIApplicationSupportsIndirectInputEvents = YES;
				INFOPLIST_KEY_UILaunchStoryboardName = LaunchScreen;
				INFOPLIST_KEY_UISupportedInterfaceOrientations = UIInterfaceOrientationPortrait;
				INFOPLIST_KEY_UISupportedInterfaceOrientations_iPad = "UIInterfaceOrientationLandscapeLeft UIInterfaceOrientationLandscapeRight UIInterfaceOrientationPortrait UIInterfaceOrientationPortraitUpsideDown";
				IPHONEOS_DEPLOYMENT_TARGET = 13.0;
				LD_RUNPATH_SEARCH_PATHS = (
					"$(inherited)",
					"@executable_path/Frameworks",
				);
				MARKETING_VERSION = 1.0;
				PRODUCT_BUNDLE_IDENTIFIER = mislabeled.RickAndMortyApp;
				PRODUCT_NAME = "$(TARGET_NAME)";
				SUPPORTED_PLATFORMS = "iphoneos iphonesimulator";
				SUPPORTS_MACCATALYST = NO;
				SUPPORTS_MAC_DESIGNED_FOR_IPHONE_IPAD = NO;
				SWIFT_EMIT_LOC_STRINGS = YES;
				SWIFT_VERSION = 5.0;
				TARGETED_DEVICE_FAMILY = 1;
			};
			name = Release;
		};
/* End XCBuildConfiguration section */

/* Begin XCConfigurationList section */
		FF5E7BEE2961E21F00A0D39F /* Build configuration list for PBXProject "RickAndMortyApp" */ = {
			isa = XCConfigurationList;
			buildConfigurations = (
				FF5E7C052961E22000A0D39F /* Debug */,
				FF5E7C062961E22000A0D39F /* Release */,
			);
			defaultConfigurationIsVisible = 0;
			defaultConfigurationName = Release;
		};
		FF5E7C072961E22000A0D39F /* Build configuration list for PBXNativeTarget "RickAndMortyApp" */ = {
			isa = XCConfigurationList;
			buildConfigurations = (
				FF5E7C082961E22000A0D39F /* Debug */,
				FF5E7C092961E22000A0D39F /* Release */,
			);
			defaultConfigurationIsVisible = 0;
			defaultConfigurationName = Release;
		};
/* End XCConfigurationList section */

/* Begin XCRemoteSwiftPackageReference section */
		FFC0191729757F4B001A9E92 /* XCRemoteSwiftPackageReference "SDWebImage" */ = {
			isa = XCRemoteSwiftPackageReference;
			repositoryURL = "https://github.com/SDWebImage/SDWebImage.git";
			requirement = {
				branch = master;
				kind = branch;
			};
		};
/* End XCRemoteSwiftPackageReference section */

/* Begin XCSwiftPackageProductDependency section */
		FFC0191829757F4B001A9E92 /* SDWebImage */ = {
			isa = XCSwiftPackageProductDependency;
			package = FFC0191729757F4B001A9E92 /* XCRemoteSwiftPackageReference "SDWebImage" */;
			productName = SDWebImage;
		};
/* End XCSwiftPackageProductDependency section */
	};
	rootObject = FF5E7BEB2961E21F00A0D39F /* Project object */;
}
